
Microsoft Visual Studio Solution File, Format Version 12.00
# Visual Studio Version 17
VisualStudioVersion = 17.3.32811.315
MinimumVisualStudioVersion = 10.0.40219.1
Project("{FAE04EC0-301F-11D3-BF4B-00C04F79EFBC}") = "CalvinNicdao.SaveJsonFile.", "CalvinNicdao.SaveJsonFile\CalvinNicdao.SaveJsonFile..csproj", "{4E28C633-A3A2-492D-9D0E-12E1CDA6D97D}"
EndProject
Global
	GlobalSection(SolutionConfigurationPlatforms) = preSolution
		Debug|Any CPU = Debug|Any CPU
		Release|Any CPU = Release|Any CPU
	EndGlobalSection
	GlobalSection(ProjectConfigurationPlatforms) = postSolution
		{4E28C633-A3A2-492D-9D0E-12E1CDA6D97D}.Debug|Any CPU.ActiveCfg = Debug|Any CPU
		{4E28C633-A3A2-492D-9D0E-12E1CDA6D97D}.Debug|Any CPU.Build.0 = Debug|Any CPU
		{4E28C633-A3A2-492D-9D0E-12E1CDA6D97D}.Release|Any CPU.ActiveCfg = Release|Any CPU
		{4E28C633-A3A2-492D-9D0E-12E1CDA6D97D}.Release|Any CPU.Build.0 = Release|Any CPU
	EndGlobalSection
	GlobalSection(SolutionProperties) = preSolution
		HideSolutionNode = FALSE
	EndGlobalSection
	GlobalSection(ExtensibilityGlobals) = postSolution
		SolutionGuid = {00424901-1473-4360-9EF2-4E42B7D725A6}
	EndGlobalSection
EndGlobal
